// !$*UTF8*$!
{
	archiveVersion = 1;
	classes = {
	};
	objectVersion = 50;
	objects = {

/* Begin PBXBuildFile section */
		8485901B254D476E005C1050 /* LYKitDemo.framework in Frameworks */ = {isa = PBXBuildFile; fileRef = 84E338AE254D417600566469 /* LYKitDemo.framework */; };
		8485901C254D476E005C1050 /* LYKitDemo.framework in Embed Frameworks */ = {isa = PBXBuildFile; fileRef = 84E338AE254D417600566469 /* LYKitDemo.framework */; settings = {ATTRIBUTES = (CodeSignOnCopy, RemoveHeadersOnCopy, ); }; };
		84EA65DE254D027B00FB98D2 /* AppDelegate.swift in Sources */ = {isa = PBXBuildFile; fileRef = 84EA65DD254D027B00FB98D2 /* AppDelegate.swift */; };
		84EA65E0254D027B00FB98D2 /* SceneDelegate.swift in Sources */ = {isa = PBXBuildFile; fileRef = 84EA65DF254D027B00FB98D2 /* SceneDelegate.swift */; };
		84EA65E2254D027B00FB98D2 /* ViewController.swift in Sources */ = {isa = PBXBuildFile; fileRef = 84EA65E1254D027B00FB98D2 /* ViewController.swift */; };
		84EA65E5254D027B00FB98D2 /* Main.storyboard in Resources */ = {isa = PBXBuildFile; fileRef = 84EA65E3254D027B00FB98D2 /* Main.storyboard */; };
		84EA65E7254D027D00FB98D2 /* Assets.xcassets in Resources */ = {isa = PBXBuildFile; fileRef = 84EA65E6254D027D00FB98D2 /* Assets.xcassets */; };
		84EA65EA254D027D00FB98D2 /* LaunchScreen.storyboard in Resources */ = {isa = PBXBuildFile; fileRef = 84EA65E8254D027D00FB98D2 /* LaunchScreen.storyboard */; };
		84EA65F5254D027E00FB98D2 /* LYCalculatorTestTests.swift in Sources */ = {isa = PBXBuildFile; fileRef = 84EA65F4254D027E00FB98D2 /* LYCalculatorTestTests.swift */; };
		84EA6600254D027E00FB98D2 /* LYCalculatorTestUITests.swift in Sources */ = {isa = PBXBuildFile; fileRef = 84EA65FF254D027E00FB98D2 /* LYCalculatorTestUITests.swift */; };
/* End PBXBuildFile section */

/* Begin PBXContainerItemProxy section */
		84EA65F1254D027E00FB98D2 /* PBXContainerItemProxy */ = {
			isa = PBXContainerItemProxy;
			containerPortal = 84EA65D2254D027B00FB98D2 /* Project object */;
			proxyType = 1;
			remoteGlobalIDString = 84EA65D9254D027B00FB98D2;
			remoteInfo = LYCalculatorTest;
		};
		84EA65FC254D027E00FB98D2 /* PBXContainerItemProxy */ = {
			isa = PBXContainerItemProxy;
			containerPortal = 84EA65D2254D027B00FB98D2 /* Project object */;
			proxyType = 1;
			remoteGlobalIDString = 84EA65D9254D027B00FB98D2;
			remoteInfo = LYCalculatorTest;
		};
/* End PBXContainerItemProxy section */

/* Begin PBXCopyFilesBuildPhase section */
		844C322F254D0C2700D172FB /* Embed Frameworks */ = {
			isa = PBXCopyFilesBuildPhase;
			buildActionMask = 2147483647;
			dstPath = "";
			dstSubfolderSpec = 10;
			files = (
				8485901C254D476E005C1050 /* LYKitDemo.framework in Embed Frameworks */,
			);
			name = "Embed Frameworks";
			runOnlyForDeploymentPostprocessing = 0;
		};
/* End PBXCopyFilesBuildPhase section */

/* Begin PBXFileReference section */
		84E338AE254D417600566469 /* LYKitDemo.framework */ = {isa = PBXFileReference; lastKnownFileType = wrapper.framework; path = LYKitDemo.framework; sourceTree = "<group>"; };
		84EA65DA254D027B00FB98D2 /* LYCalculatorTest.app */ = {isa = PBXFileReference; explicitFileType = wrapper.application; includeInIndex = 0; path = LYCalculatorTest.app; sourceTree = BUILT_PRODUCTS_DIR; };
		84EA65DD254D027B00FB98D2 /* AppDelegate.swift */ = {isa = PBXFileReference; lastKnownFileType = sourcecode.swift; path = AppDelegate.swift; sourceTree = "<group>"; };
		84EA65DF254D027B00FB98D2 /* SceneDelegate.swift */ = {isa = PBXFileReference; lastKnownFileType = sourcecode.swift; path = SceneDelegate.swift; sourceTree = "<group>"; };
		84EA65E1254D027B00FB98D2 /* ViewController.swift */ = {isa = PBXFileReference; lastKnownFileType = sourcecode.swift; path = ViewController.swift; sourceTree = "<group>"; };
		84EA65E4254D027B00FB98D2 /* Base */ = {isa = PBXFileReference; lastKnownFileType = file.storyboard; name = Base; path = Base.lproj/Main.storyboard; sourceTree = "<group>"; };
		84EA65E6254D027D00FB98D2 /* Assets.xcassets */ = {isa = PBXFileReference; lastKnownFileType = folder.assetcatalog; path = Assets.xcassets; sourceTree = "<group>"; };
		84EA65E9254D027D00FB98D2 /* Base */ = {isa = PBXFileReference; lastKnownFileType = file.storyboard; name = Base; path = Base.lproj/LaunchScreen.storyboard; sourceTree = "<group>"; };
		84EA65EB254D027D00FB98D2 /* Info.plist */ = {isa = PBXFileReference; lastKnownFileType = text.plist.xml; path = Info.plist; sourceTree = "<group>"; };
		84EA65F0254D027E00FB98D2 /* LYCalculatorTestTests.xctest */ = {isa = PBXFileReference; explicitFileType = wrapper.cfbundle; includeInIndex = 0; path = LYCalculatorTestTests.xctest; sourceTree = BUILT_PRODUCTS_DIR; };
		84EA65F4254D027E00FB98D2 /* LYCalculatorTestTests.swift */ = {isa = PBXFileReference; lastKnownFileType = sourcecode.swift; path = LYCalculatorTestTests.swift; sourceTree = "<group>"; };
		84EA65F6254D027E00FB98D2 /* Info.plist */ = {isa = PBXFileReference; lastKnownFileType = text.plist.xml; path = Info.plist; sourceTree = "<group>"; };
		84EA65FB254D027E00FB98D2 /* LYCalculatorTestUITests.xctest */ = {isa = PBXFileReference; explicitFileType = wrapper.cfbundle; includeInIndex = 0; path = LYCalculatorTestUITests.xctest; sourceTree = BUILT_PRODUCTS_DIR; };
		84EA65FF254D027E00FB98D2 /* LYCalculatorTestUITests.swift */ = {isa = PBXFileReference; lastKnownFileType = sourcecode.swift; path = LYCalculatorTestUITests.swift; sourceTree = "<group>"; };
		84EA6601254D027E00FB98D2 /* Info.plist */ = {isa = PBXFileReference; lastKnownFileType = text.plist.xml; path = Info.plist; sourceTree = "<group>"; };
/* End PBXFileReference section */

/* Begin PBXFrameworksBuildPhase section */
		84EA65D7254D027B00FB98D2 /* Frameworks */ = {
			isa = PBXFrameworksBuildPhase;
			buildActionMask = 2147483647;
			files = (
				8485901B254D476E005C1050 /* LYKitDemo.framework in Frameworks */,
			);
			runOnlyForDeploymentPostprocessing = 0;
		};
		84EA65ED254D027E00FB98D2 /* Frameworks */ = {
			isa = PBXFrameworksBuildPhase;
			buildActionMask = 2147483647;
			files = (
			);
			runOnlyForDeploymentPostprocessing = 0;
		};
		84EA65F8254D027E00FB98D2 /* Frameworks */ = {
			isa = PBXFrameworksBuildPhase;
			buildActionMask = 2147483647;
			files = (
			);
			runOnlyForDeploymentPostprocessing = 0;
		};
/* End PBXFrameworksBuildPhase section */

/* Begin PBXGroup section */
		84EA65D1254D027B00FB98D2 = {
			isa = PBXGroup;
			children = (
				84EA65DC254D027B00FB98D2 /* LYCalculatorTest */,
				84EA65F3254D027E00FB98D2 /* LYCalculatorTestTests */,
				84EA65FE254D027E00FB98D2 /* LYCalculatorTestUITests */,
				84EA65DB254D027B00FB98D2 /* Products */,
			);
			sourceTree = "<group>";
		};
		84EA65DB254D027B00FB98D2 /* Products */ = {
			isa = PBXGroup;
			children = (
				84EA65DA254D027B00FB98D2 /* LYCalculatorTest.app */,
				84EA65F0254D027E00FB98D2 /* LYCalculatorTestTests.xctest */,
				84EA65FB254D027E00FB98D2 /* LYCalculatorTestUITests.xctest */,
			);
			name = Products;
			sourceTree = "<group>";
		};
		84EA65DC254D027B00FB98D2 /* LYCalculatorTest */ = {
			isa = PBXGroup;
			children = (
				84E338AE254D417600566469 /* LYKitDemo.framework */,
				84EA65DD254D027B00FB98D2 /* AppDelegate.swift */,
				84EA65DF254D027B00FB98D2 /* SceneDelegate.swift */,
				84EA65E1254D027B00FB98D2 /* ViewController.swift */,
				84EA65E3254D027B00FB98D2 /* Main.storyboard */,
				84EA65E6254D027D00FB98D2 /* Assets.xcassets */,
				84EA65E8254D027D00FB98D2 /* LaunchScreen.storyboard */,
				84EA65EB254D027D00FB98D2 /* Info.plist */,
			);
			path = LYCalculatorTest;
			sourceTree = "<group>";
		};
		84EA65F3254D027E00FB98D2 /* LYCalculatorTestTests */ = {
			isa = PBXGroup;
			children = (
				84EA65F4254D027E00FB98D2 /* LYCalculatorTestTests.swift */,
				84EA65F6254D027E00FB98D2 /* Info.plist */,
			);
			path = LYCalculatorTestTests;
			sourceTree = "<group>";
		};
		84EA65FE254D027E00FB98D2 /* LYCalculatorTestUITests */ = {
			isa = PBXGroup;
			children = (
				84EA65FF254D027E00FB98D2 /* LYCalculatorTestUITests.swift */,
				84EA6601254D027E00FB98D2 /* Info.plist */,
			);
			path = LYCalculatorTestUITests;
			sourceTree = "<group>";
		};
/* End PBXGroup section */

/* Begin PBXNativeTarget section */
		84EA65D9254D027B00FB98D2 /* LYCalculatorTest */ = {
			isa = PBXNativeTarget;
			buildConfigurationList = 84EA6604254D027E00FB98D2 /* Build configuration list for PBXNativeTarget "LYCalculatorTest" */;
			buildPhases = (
				84EA65D6254D027B00FB98D2 /* Sources */,
				84EA65D7254D027B00FB98D2 /* Frameworks */,
				84EA65D8254D027B00FB98D2 /* Resources */,
				844C322F254D0C2700D172FB /* Embed Frameworks */,
			);
			buildRules = (
			);
			dependencies = (
			);
			name = LYCalculatorTest;
			productName = LYCalculatorTest;
			productReference = 84EA65DA254D027B00FB98D2 /* LYCalculatorTest.app */;
			productType = "com.apple.product-type.application";
		};
		84EA65EF254D027E00FB98D2 /* LYCalculatorTestTests */ = {
			isa = PBXNativeTarget;
			buildConfigurationList = 84EA6607254D027E00FB98D2 /* Build configuration list for PBXNativeTarget "LYCalculatorTestTests" */;
			buildPhases = (
				84EA65EC254D027E00FB98D2 /* Sources */,
				84EA65ED254D027E00FB98D2 /* Frameworks */,
				84EA65EE254D027E00FB98D2 /* Resources */,
			);
			buildRules = (
			);
			dependencies = (
				84EA65F2254D027E00FB98D2 /* PBXTargetDependency */,
			);
			name = LYCalculatorTestTests;
			productName = LYCalculatorTestTests;
			productReference = 84EA65F0254D027E00FB98D2 /* LYCalculatorTestTests.xctest */;
			productType = "com.apple.product-type.bundle.unit-test";
		};
		84EA65FA254D027E00FB98D2 /* LYCalculatorTestUITests */ = {
			isa = PBXNativeTarget;
			buildConfigurationList = 84EA660A254D027E00FB98D2 /* Build configuration list for PBXNativeTarget "LYCalculatorTestUITests" */;
			buildPhases = (
				84EA65F7254D027E00FB98D2 /* Sources */,
				84EA65F8254D027E00FB98D2 /* Frameworks */,
				84EA65F9254D027E00FB98D2 /* Resources */,
			);
			buildRules = (
			);
			dependencies = (
				84EA65FD254D027E00FB98D2 /* PBXTargetDependency */,
			);
			name = LYCalculatorTestUITests;
			productName = LYCalculatorTestUITests;
			productReference = 84EA65FB254D027E00FB98D2 /* LYCalculatorTestUITests.xctest */;
			productType = "com.apple.product-type.bundle.ui-testing";
		};
/* End PBXNativeTarget section */

/* Begin PBXProject section */
		84EA65D2254D027B00FB98D2 /* Project object */ = {
			isa = PBXProject;
			attributes = {
				LastSwiftUpdateCheck = 1200;
				LastUpgradeCheck = 1200;
				TargetAttributes = {
					84EA65D9254D027B00FB98D2 = {
						CreatedOnToolsVersion = 12.0;
					};
					84EA65EF254D027E00FB98D2 = {
						CreatedOnToolsVersion = 12.0;
						TestTargetID = 84EA65D9254D027B00FB98D2;
					};
					84EA65FA254D027E00FB98D2 = {
						CreatedOnToolsVersion = 12.0;
						TestTargetID = 84EA65D9254D027B00FB98D2;
					};
				};
			};
			buildConfigurationList = 84EA65D5254D027B00FB98D2 /* Build configuration list for PBXProject "LYCalculatorTest" */;
			compatibilityVersion = "Xcode 9.3";
			developmentRegion = en;
			hasScannedForEncodings = 0;
			knownRegions = (
				en,
				Base,
			);
			mainGroup = 84EA65D1254D027B00FB98D2;
			productRefGroup = 84EA65DB254D027B00FB98D2 /* Products */;
			projectDirPath = "";
			projectRoot = "";
			targets = (
				84EA65D9254D027B00FB98D2 /* LYCalculatorTest */,
				84EA65EF254D027E00FB98D2 /* LYCalculatorTestTests */,
				84EA65FA254D027E00FB98D2 /* LYCalculatorTestUITests */,
			);
		};
/* End PBXProject section */

/* Begin PBXResourcesBuildPhase section */
		84EA65D8254D027B00FB98D2 /* Resources */ = {
			isa = PBXResourcesBuildPhase;
			buildActionMask = 2147483647;
			files = (
				84EA65EA254D027D00FB98D2 /* LaunchScreen.storyboard in Resources */,
				84EA65E7254D027D00FB98D2 /* Assets.xcassets in Resources */,
				84EA65E5254D027B00FB98D2 /* Main.storyboard in Resources */,
			);
			runOnlyForDeploymentPostprocessing = 0;
		};
		84EA65EE254D027E00FB98D2 /* Resources */ = {
			isa = PBXResourcesBuildPhase;
			buildActionMask = 2147483647;
			files = (
			);
			runOnlyForDeploymentPostprocessing = 0;
		};
		84EA65F9254D027E00FB98D2 /* Resources */ = {
			isa = PBXResourcesBuildPhase;
			buildActionMask = 2147483647;
			files = (
			);
			runOnlyForDeploymentPostprocessing = 0;
		};
/* End PBXResourcesBuildPhase section */

/* Begin PBXSourcesBuildPhase section */
		84EA65D6254D027B00FB98D2 /* Sources */ = {
			isa = PBXSourcesBuildPhase;
			buildActionMask = 2147483647;
			files = (
				84EA65E2254D027B00FB98D2 /* ViewController.swift in Sources */,
				84EA65DE254D027B00FB98D2 /* AppDelegate.swift in Sources */,
				84EA65E0254D027B00FB98D2 /* SceneDelegate.swift in Sources */,
			);
			runOnlyForDeploymentPostprocessing = 0;
		};
		84EA65EC254D027E00FB98D2 /* Sources */ = {
			isa = PBXSourcesBuildPhase;
			buildActionMask = 2147483647;
			files = (
				84EA65F5254D027E00FB98D2 /* LYCalculatorTestTests.swift in Sources */,
			);
			runOnlyForDeploymentPostprocessing = 0;
		};
		84EA65F7254D027E00FB98D2 /* Sources */ = {
			isa = PBXSourcesBuildPhase;
			buildActionMask = 2147483647;
			files = (
				84EA6600254D027E00FB98D2 /* LYCalculatorTestUITests.swift in Sources */,
			);
			runOnlyForDeploymentPostprocessing = 0;
		};
/* End PBXSourcesBuildPhase section */

/* Begin PBXTargetDependency section */
		84EA65F2254D027E00FB98D2 /* PBXTargetDependency */ = {
			isa = PBXTargetDependency;
			target = 84EA65D9254D027B00FB98D2 /* LYCalculatorTest */;
			targetProxy = 84EA65F1254D027E00FB98D2 /* PBXContainerItemProxy */;
		};
		84EA65FD254D027E00FB98D2 /* PBXTargetDependency */ = {
			isa = PBXTargetDependency;
			target = 84EA65D9254D027B00FB98D2 /* LYCalculatorTest */;
			targetProxy = 84EA65FC254D027E00FB98D2 /* PBXContainerItemProxy */;
		};
/* End PBXTargetDependency section */

/* Begin PBXVariantGroup section */
		84EA65E3254D027B00FB98D2 /* Main.storyboard */ = {
			isa = PBXVariantGroup;
			children = (
				84EA65E4254D027B00FB98D2 /* Base */,
			);
			name = Main.storyboard;
			sourceTree = "<group>";
		};
		84EA65E8254D027D00FB98D2 /* LaunchScreen.storyboard */ = {
			isa = PBXVariantGroup;
			children = (
				84EA65E9254D027D00FB98D2 /* Base */,
			);
			name = LaunchScreen.storyboard;
			sourceTree = "<group>";
		};
/* End PBXVariantGroup section */

/* Begin XCBuildConfiguration section */
		84EA6602254D027E00FB98D2 /* Debug */ = {
			isa = XCBuildConfiguration;
			buildSettings = {
				ALWAYS_SEARCH_USER_PATHS = NO;
				CLANG_ANALYZER_NONNULL = YES;
				CLANG_ANALYZER_NUMBER_OBJECT_CONVERSION = YES_AGGRESSIVE;
				CLANG_CXX_LANGUAGE_STANDARD = "gnu++14";
				CLANG_CXX_LIBRARY = "libc++";
				CLANG_ENABLE_MODULES = YES;
				CLANG_ENABLE_OBJC_ARC = YES;
				CLANG_ENABLE_OBJC_WEAK = YES;
				CLANG_WARN_BLOCK_CAPTURE_AUTORELEASING = YES;
				CLANG_WARN_BOOL_CONVERSION = YES;
				CLANG_WARN_COMMA = YES;
				CLANG_WARN_CONSTANT_CONVERSION = YES;
				CLANG_WARN_DEPRECATED_OBJC_IMPLEMENTATIONS = YES;
				CLANG_WARN_DIRECT_OBJC_ISA_USAGE = YES_ERROR;
				CLANG_WARN_DOCUMENTATION_COMMENTS = YES;
				CLANG_WARN_EMPTY_BODY = YES;
				CLANG_WARN_ENUM_CONVERSION = YES;
				CLANG_WARN_INFINITE_RECURSION = YES;
				CLANG_WARN_INT_CONVERSION = YES;
				CLANG_WARN_NON_LITERAL_NULL_CONVERSION = YES;
				CLANG_WARN_OBJC_IMPLICIT_RETAIN_SELF = YES;
				CLANG_WARN_OBJC_LITERAL_CONVERSION = YES;
				CLANG_WARN_OBJC_ROOT_CLASS = YES_ERROR;
				CLANG_WARN_QUOTED_INCLUDE_IN_FRAMEWORK_HEADER = YES;
				CLANG_WARN_RANGE_LOOP_ANALYSIS = YES;
				CLANG_WARN_STRICT_PROTOTYPES = YES;
				CLANG_WARN_SUSPICIOUS_MOVE = YES;
				CLANG_WARN_UNGUARDED_AVAILABILITY = YES_AGGRESSIVE;
				CLANG_WARN_UNREACHABLE_CODE = YES;
				CLANG_WARN__DUPLICATE_METHOD_MATCH = YES;
				COPY_PHASE_STRIP = NO;
				DEBUG_INFORMATION_FORMAT = dwarf;
				ENABLE_STRICT_OBJC_MSGSEND = YES;
				ENABLE_TESTABILITY = YES;
				GCC_C_LANGUAGE_STANDARD = gnu11;
				GCC_DYNAMIC_NO_PIC = NO;
				GCC_NO_COMMON_BLOCKS = YES;
				GCC_OPTIMIZATION_LEVEL = 0;
				GCC_PREPROCESSOR_DEFINITIONS = (
					"DEBUG=1",
					"$(inherited)",
				);
				GCC_WARN_64_TO_32_BIT_CONVERSION = YES;
				GCC_WARN_ABOUT_RETURN_TYPE = YES_ERROR;
				GCC_WARN_UNDECLARED_SELECTOR = YES;
				GCC_WARN_UNINITIALIZED_AUTOS = YES_AGGRESSIVE;
				GCC_WARN_UNUSED_FUNCTION = YES;
				GCC_WARN_UNUSED_VARIABLE = YES;
				IPHONEOS_DEPLOYMENT_TARGET = 14.0;
				MTL_ENABLE_DEBUG_INFO = INCLUDE_SOURCE;
				MTL_FAST_MATH = YES;
				ONLY_ACTIVE_ARCH = YES;
				SDKROOT = iphoneos;
				SWIFT_ACTIVE_COMPILATION_CONDITIONS = DEBUG;
				SWIFT_OPTIMIZATION_LEVEL = "-Onone";
			};
			name = Debug;
		};
		84EA6603254D027E00FB98D2 /* Release */ = {
			isa = XCBuildConfiguration;
			buildSettings = {
				ALWAYS_SEARCH_USER_PATHS = NO;
				CLANG_ANALYZER_NONNULL = YES;
				CLANG_ANALYZER_NUMBER_OBJECT_CONVERSION = YES_AGGRESSIVE;
				CLANG_CXX_LANGUAGE_STANDARD = "gnu++14";
				CLANG_CXX_LIBRARY = "libc++";
				CLANG_ENABLE_MODULES = YES;
				CLANG_ENABLE_OBJC_ARC = YES;
				CLANG_ENABLE_OBJC_WEAK = YES;
				CLANG_WARN_BLOCK_CAPTURE_AUTORELEASING = YES;
				CLANG_WARN_BOOL_CONVERSION = YES;
				CLANG_WARN_COMMA = YES;
				CLANG_WARN_CONSTANT_CONVERSION = YES;
				CLANG_WARN_DEPRECATED_OBJC_IMPLEMENTATIONS = YES;
				CLANG_WARN_DIRECT_OBJC_ISA_USAGE = YES_ERROR;
				CLANG_WARN_DOCUMENTATION_COMMENTS = YES;
				CLANG_WARN_EMPTY_BODY = YES;
				CLANG_WARN_ENUM_CONVERSION = YES;
				CLANG_WARN_INFINITE_RECURSION = YES;
				CLANG_WARN_INT_CONVERSION = YES;
				CLANG_WARN_NON_LITERAL_NULL_CONVERSION = YES;
				CLANG_WARN_OBJC_IMPLICIT_RETAIN_SELF = YES;
				CLANG_WARN_OBJC_LITERAL_CONVERSION = YES;
				CLANG_WARN_OBJC_ROOT_CLASS = YES_ERROR;
				CLANG_WARN_QUOTED_INCLUDE_IN_FRAMEWORK_HEADER = YES;
				CLANG_WARN_RANGE_LOOP_ANALYSIS = YES;
				CLANG_WARN_STRICT_PROTOTYPES = YES;
				CLANG_WARN_SUSPICIOUS_MOVE = YES;
				CLANG_WARN_UNGUARDED_AVAILABILITY = YES_AGGRESSIVE;
				CLANG_WARN_UNREACHABLE_CODE = YES;
				CLANG_WARN__DUPLICATE_METHOD_MATCH = YES;
				COPY_PHASE_STRIP = NO;
				DEBUG_INFORMATION_FORMAT = "dwarf-with-dsym";
				ENABLE_NS_ASSERTIONS = NO;
				ENABLE_STRICT_OBJC_MSGSEND = YES;
				GCC_C_LANGUAGE_STANDARD = gnu11;
				GCC_NO_COMMON_BLOCKS = YES;
				GCC_WARN_64_TO_32_BIT_CONVERSION = YES;
				GCC_WARN_ABOUT_RETURN_TYPE = YES_ERROR;
				GCC_WARN_UNDECLARED_SELECTOR = YES;
				GCC_WARN_UNINITIALIZED_AUTOS = YES_AGGRESSIVE;
				GCC_WARN_UNUSED_FUNCTION = YES;
				GCC_WARN_UNUSED_VARIABLE = YES;
				IPHONEOS_DEPLOYMENT_TARGET = 14.0;
				MTL_ENABLE_DEBUG_INFO = NO;
				MTL_FAST_MATH = YES;
				ONLY_ACTIVE_ARCH = YES;
				SDKROOT = iphoneos;
				SWIFT_COMPILATION_MODE = wholemodule;
				SWIFT_OPTIMIZATION_LEVEL = "-O";
				VALIDATE_PRODUCT = YES;
			};
			name = Release;
		};
		84EA6605254D027E00FB98D2 /* Debug */ = {
			isa = XCBuildConfiguration;
			buildSettings = {
				ASSETCATALOG_COMPILER_APPICON_NAME = AppIcon;
				ASSETCATALOG_COMPILER_GLOBAL_ACCENT_COLOR_NAME = AccentColor;
				CODE_SIGN_STYLE = Automatic;
				DEVELOPMENT_TEAM = MQT5PJ7GA8;
				FRAMEWORK_SEARCH_PATHS = (
					"$(inherited)",
					"$(PROJECT_DIR)/LYCalculatorTest",
				);
				INFOPLIST_FILE = LYCalculatorTest/Info.plist;
				IPHONEOS_DEPLOYMENT_TARGET = 13.0;
				LD_RUNPATH_SEARCH_PATHS = (
					"$(inherited)",
					"@executable_path/Frameworks",
				);
				PRODUCT_BUNDLE_IDENTIFIER = sss.LYCalculatorTest;
				PRODUCT_NAME = "$(TARGET_NAME)";
				SWIFT_VERSION = 5.0;
				TARGETED_DEVICE_FAMILY = "1,2";
				VALID_ARCHS = "armv7 armv7s arm64 x86_64 i386";
			};
			name = Debug;
		};
		84EA6606254D027E00FB98D2 /* Release */ = {
			isa = XCBuildConfiguration;
			buildSettings = {
				ASSETCATALOG_COMPILER_APPICON_NAME = AppIcon;
				ASSETCATALOG_COMPILER_GLOBAL_ACCENT_COLOR_NAME = AccentColor;
				CODE_SIGN_STYLE = Automatic;
				DEVELOPMENT_TEAM = MQT5PJ7GA8;
				FRAMEWORK_SEARCH_PATHS = (
					"$(inherited)",
					"$(PROJECT_DIR)/LYCalculatorTest",
				);
				INFOPLIST_FILE = LYCalculatorTest/Info.plist;
				IPHONEOS_DEPLOYMENT_TARGET = 13.0;
				LD_RUNPATH_SEARCH_PATHS = (
					"$(inherited)",
					"@executable_path/Frameworks",
				);
				PRODUCT_BUNDLE_IDENTIFIER = sss.LYCalculatorTest;
				PRODUCT_NAME = "$(TARGET_NAME)";
				SWIFT_VERSION = 5.0;
				TARGETED_DEVICE_FAMILY = "1,2";
				VALID_ARCHS = "armv7 armv7s arm64 x86_64 i386";
			};
			name = Release;
		};
		84EA6608254D027E00FB98D2 /* Debug */ = {
			isa = XCBuildConfiguration;
			buildSettings = {
				ALWAYS_EMBED_SWIFT_STANDARD_LIBRARIES = YES;
				BUNDLE_LOADER = "$(TEST_HOST)";
				CODE_SIGN_STYLE = Automatic;
				DEVELOPMENT_TEAM = MQT5PJ7GA8;
				INFOPLIST_FILE = LYCalculatorTestTests/Info.plist;
				IPHONEOS_DEPLOYMENT_TARGET = 14.0;
				LD_RUNPATH_SEARCH_PATHS = (
					"$(inherited)",
					"@executable_path/Frameworks",
					"@loader_path/Frameworks",
				);
				PRODUCT_BUNDLE_IDENTIFIER = sss.LYCalculatorTestTests;
				PRODUCT_NAME = "$(TARGET_NAME)";
				SWIFT_VERSION = 5.0;
				TARGETED_DEVICE_FAMILY = "1,2";
				TEST_HOST = "$(BUILT_PRODUCTS_DIR)/LYCalculatorTest.app/LYCalculatorTest";
			};
			name = Debug;
		};
		84EA6609254D027E00FB98D2 /* Release */ = {
			isa = XCBuildConfiguration;
			buildSettings = {
				ALWAYS_EMBED_SWIFT_STANDARD_LIBRARIES = YES;
				BUNDLE_LOADER = "$(TEST_HOST)";
				CODE_SIGN_STYLE = Automatic;
				DEVELOPMENT_TEAM = MQT5PJ7GA8;
				INFOPLIST_FILE = LYCalculatorTestTests/Info.plist;
				IPHONEOS_DEPLOYMENT_TARGET = 14.0;
				LD_RUNPATH_SEARCH_PATHS = (
					"$(inherited)",
					"@executable_path/Frameworks",
					"@loader_path/Frameworks",
				);
				PRODUCT_BUNDLE_IDENTIFIER = sss.LYCalculatorTestTests;
				PRODUCT_NAME = "$(TARGET_NAME)";
				SWIFT_VERSION = 5.0;
				TARGETED_DEVICE_FAMILY = "1,2";
				TEST_HOST = "$(BUILT_PRODUCTS_DIR)/LYCalculatorTest.app/LYCalculatorTest";
			};
			name = Release;
		};
		84EA660B254D027E00FB98D2 /* Debug */ = {
			isa = XCBuildConfiguration;
			buildSettings = {
				ALWAYS_EMBED_SWIFT_STANDARD_LIBRARIES = YES;
				CODE_SIGN_STYLE = Automatic;
				DEVELOPMENT_TEAM = MQT5PJ7GA8;
				INFOPLIST_FILE = LYCalculatorTestUITests/Info.plist;
				LD_RUNPATH_SEARCH_PATHS = (
					"$(inherited)",
					"@executable_path/Frameworks",
					"@loader_path/Frameworks",
				);
				PRODUCT_BUNDLE_IDENTIFIER = sss.LYCalculatorTestUITests;
				PRODUCT_NAME = "$(TARGET_NAME)";
				SWIFT_VERSION = 5.0;
				TARGETED_DEVICE_FAMILY = "1,2";
				TEST_TARGET_NAME = LYCalculatorTest;
			};
			name = Debug;
		};
		84EA660C254D027E00FB98D2 /* Release */ = {
			isa = XCBuildConfiguration;
			buildSettings = {
				ALWAYS_EMBED_SWIFT_STANDARD_LIBRARIES = YES;
				CODE_SIGN_STYLE = Automatic;
				DEVELOPMENT_TEAM = MQT5PJ7GA8;
				INFOPLIST_FILE = LYCalculatorTestUITests/Info.plist;
				LD_RUNPATH_SEARCH_PATHS = (
					"$(inherited)",
					"@executable_path/Frameworks",
					"@loader_path/Frameworks",
				);
				PRODUCT_BUNDLE_IDENTIFIER = sss.LYCalculatorTestUITests;
				PRODUCT_NAME = "$(TARGET_NAME)";
				SWIFT_VERSION = 5.0;
				TARGETED_DEVICE_FAMILY = "1,2";
				TEST_TARGET_NAME = LYCalculatorTest;
			};
			name = Release;
		};
/* End XCBuildConfiguration section */

/* Begin XCConfigurationList section */
		84EA65D5254D027B00FB98D2 /* Build configuration list for PBXProject "LYCalculatorTest" */ = {
			isa = XCConfigurationList;
			buildConfigurations = (
				84EA6602254D027E00FB98D2 /* Debug */,
				84EA6603254D027E00FB98D2 /* Release */,
			);
			defaultConfigurationIsVisible = 0;
			defaultConfigurationName = Release;
		};
		84EA6604254D027E00FB98D2 /* Build configuration list for PBXNativeTarget "LYCalculatorTest" */ = {
			isa = XCConfigurationList;
			buildConfigurations = (
				84EA6605254D027E00FB98D2 /* Debug */,
				84EA6606254D027E00FB98D2 /* Release */,
			);
			defaultConfigurationIsVisible = 0;
			defaultConfigurationName = Release;
		};
		84EA6607254D027E00FB98D2 /* Build configuration list for PBXNativeTarget "LYCalculatorTestTests" */ = {
			isa = XCConfigurationList;
			buildConfigurations = (
				84EA6608254D027E00FB98D2 /* Debug */,
				84EA6609254D027E00FB98D2 /* Release */,
			);
			defaultConfigurationIsVisible = 0;
			defaultConfigurationName = Release;
		};
		84EA660A254D027E00FB98D2 /* Build configuration list for PBXNativeTarget "LYCalculatorTestUITests" */ = {
			isa = XCConfigurationList;
			buildConfigurations = (
				84EA660B254D027E00FB98D2 /* Debug */,
				84EA660C254D027E00FB98D2 /* Release */,
			);
			defaultConfigurationIsVisible = 0;
			defaultConfigurationName = Release;
		};
/* End XCConfigurationList section */
	};
	rootObject = 84EA65D2254D027B00FB98D2 /* Project object */;
}
